# THIS IS AN AUTOGENERATED FILE. DO NOT EDIT THIS FILE DIRECTLY.
# yarn lockfile v1


bluebird@^3.4.6:
  version "3.7.2"
  resolved "https://registry.yarnpkg.com/bluebird/-/bluebird-3.7.2.tgz#9f229c15be272454ffa973ace0dbee79a1b0c36f"
  integrity sha512-XpNj6GDQzdfW+r2Wnn7xiSAd7TM3jzkxGXBGTtWKuSXv1xUV+azxAm8jdWZN06QTQk+2N2XB9jRDkvbmQmcRtg==

debug@^2.2.0:
  version "2.6.9"
  resolved "https://registry.yarnpkg.com/debug/-/debug-2.6.9.tgz#5d128515df134ff327e90a4c93f4e077a536341f"
  integrity sha512-bC7ElrdJaJnPbAP+1EotYvqZsb3ecl5wi6Bfi6BJTUcNowp6cvspg0jXznRTKDjm/E7AdgFBVeAPVMNcKGsHMA==
  dependencies:
    ms "2.0.0"

extend@^3.0.0:
  version "3.0.2"
  resolved "https://registry.yarnpkg.com/extend/-/extend-3.0.2.tgz#f8b1136b4071fbd8eb140aff858b1019ec2915fa"
  integrity sha512-fjquC59cD7CyW6urNXK0FBufkZcoiGG80wTuPujX590cB5Ttln20E2UB4S/WARVqhXffZl2LNgS+gQdPIIim/g==

highland@^3.0.0-beta.2:
  version "3.0.0-beta.10"
  resolved "https://registry.yarnpkg.com/highland/-/highland-3.0.0-beta.10.tgz#e07869611de2109134c523e2479ef5af5334c112"
  integrity sha512-fBxAarP4g0AFWRKd+SJBWsKmkyw1WZdQZ1jjFSAVrxLXIhEo5NnEBy+rDEM695Z/i4/tP2lMYW6iuotStDFHYw==

inherits@^2.0:
  version "2.0.4"
  resolved "https://registry.yarnpkg.com/inherits/-/inherits-2.0.4.tgz#0fa2c64f932917c3433a0ded55363aae37416b7c"
  integrity sha512-k/vGaX4/Yla3WzyMCvTQOXYeIHvqOKtnqBduzTHpzpQZzAskKMhZ2K+EnBiSM9zGSoIFeMpXKxa4dYeZIQqewQ==

measured@^1.1.0:
  version "1.1.0"
  resolved "https://registry.yarnpkg.com/measured/-/measured-1.1.0.tgz#7f6a33adee77bc67a1648968c573608c291b9ac4"
  integrity sha1-f2ozre53vGehZIloxXNgjCkbmsQ=
  dependencies:
    inherits "^2.0"

microtime@^3.0.0:
  version "3.0.0"
  resolved "https://registry.yarnpkg.com/microtime/-/microtime-3.0.0.tgz#d140914bde88aa89b4f9fd2a18620b435af0f39b"
  integrity sha512-SirJr7ZL4ow2iWcb54bekS4aWyBQNVcEDBiwAz9D/sTgY59A+uE8UJU15cp5wyZmPBwg/3zf8lyCJ5NUe1nVlQ==
  dependencies:
    node-addon-api "^1.2.0"
    node-gyp-build "^3.8.0"

ms@2.0.0:
  version "2.0.0"
  resolved "https://registry.yarnpkg.com/ms/-/ms-2.0.0.tgz#5608aeadfc00be6c2901df5f9861788de0d597c8"
  integrity sha1-VgiurfwAvmwpAd9fmGF4jeDVl8g=

node-addon-api@^1.2.0:
  version "1.7.1"
  resolved "https://registry.yarnpkg.com/node-addon-api/-/node-addon-api-1.7.1.tgz#cf813cd69bb8d9100f6bdca6755fc268f54ac492"
  integrity sha512-2+DuKodWvwRTrCfKOeR24KIc5unKjOh8mz17NCzVnHWfjAdDqbfbjqh7gUT+BkXBRQM52+xCHciKWonJ3CbJMQ==

node-gyp-build@^3.8.0:
  version "3.9.0"
  resolved "https://registry.yarnpkg.com/node-gyp-build/-/node-gyp-build-3.9.0.tgz#53a350187dd4d5276750da21605d1cb681d09e25"
  integrity sha512-zLcTg6P4AbcHPq465ZMFNXx7XpKKJh+7kkN699NiQWisR2uWYOWNWqRHAmbnmKiL4e9aLSlmy5U7rEMUXV59+A==

throat@^3.0.0:
  version "3.2.0"
  resolved "https://registry.yarnpkg.com/throat/-/throat-3.2.0.tgz#50cb0670edbc40237b9e347d7e1f88e4620af836"
  integrity sha512-/EY8VpvlqJ+sFtLPeOgc8Pl7kQVOWv0woD87KTXVHPIAE842FGT+rokxIhe8xIUP1cfgrkt0as0vDLjDiMtr8w==

underscore@^1.8.3:
  version "1.10.2"
  resolved "https://registry.yarnpkg.com/underscore/-/underscore-1.10.2.tgz#73d6aa3668f3188e4adb0f1943bd12cfd7efaaaf"
  integrity sha512-N4P+Q/BuyuEKFJ43B9gYuOj4TQUHXX+j2FqguVOpjkssLUUrnJofCcBccJSCoeturDoZU6GorDTHSvUDlSQbTg==
